Microsoft Visual Studio Solution File, Format Version 12.00
# Visual Studio Version 17
VisualStudioVersion = 17.5.2.0
MinimumVisualStudioVersion = 10.0.40219.1
Project("{FAE04EC0-301F-11D3-BF4B-00C04F79EFBC}") = "Services.Grpc", "Services.Grpc\Services.Grpc.csproj", "{01B7EECD-A6EE-0F79-6B07-C28891C6BB1C}"
EndProject
Project("{FAE04EC0-301F-11D3-BF4B-00C04F79EFBC}") = "GraphQLGateway", "GraphQLGateway\GraphQLGateway.csproj", "{8350D05E-CE23-AB80-B107-72F5668B78FC}"
EndProject
Global
	GlobalSection(SolutionConfigurationPlatforms) = preSolution
		Debug|Any CPU = Debug|Any CPU
		Release|Any CPU = Release|Any CPU
	EndGlobalSection
	GlobalSection(ProjectConfigurationPlatforms) = postSolution
		{01B7EECD-A6EE-0F79-6B07-C28891C6BB1C}.Debug|Any CPU.ActiveCfg = Debug|Any CPU
		{01B7EECD-A6EE-0F79-6B07-C28891C6BB1C}.Debug|Any CPU.Build.0 = Debug|Any CPU
		{01B7EECD-A6EE-0F79-6B07-C28891C6BB1C}.Release|Any CPU.ActiveCfg = Release|Any CPU
		{01B7EECD-A6EE-0F79-6B07-C28891C6BB1C}.Release|Any CPU.Build.0 = Release|Any CPU
		{8350D05E-CE23-AB80-B107-72F5668B78FC}.Debug|Any CPU.ActiveCfg = Debug|Any CPU
		{8350D05E-CE23-AB80-B107-72F5668B78FC}.Debug|Any CPU.Build.0 = Debug|Any CPU
		{8350D05E-CE23-AB80-B107-72F5668B78FC}.Release|Any CPU.ActiveCfg = Release|Any CPU
		{8350D05E-CE23-AB80-B107-72F5668B78FC}.Release|Any CPU.Build.0 = Release|Any CPU
	EndGlobalSection
	GlobalSection(SolutionProperties) = preSolution
		HideSolutionNode = FALSE
	EndGlobalSection
	GlobalSection(ExtensibilityGlobals) = postSolution
		SolutionGuid = {EF237E16-6E14-452A-A05A-47CAFCC16852}
	EndGlobalSection
EndGlobal
