Microsoft Visual Studio Solution File, Format Version 12.00
# Visual Studio Version 17
VisualStudioVersion = 17.5.2.0
MinimumVisualStudioVersion = 10.0.40219.1
Project("{FAE04EC0-301F-11D3-BF4B-00C04F79EFBC}") = "GraphQLGateway", "GraphQLGateway.csproj", "{8961625B-A32B-BEB1-2DE2-239F72E010EF}"
EndProject
Global
	GlobalSection(SolutionConfigurationPlatforms) = preSolution
		Debug|Any CPU = Debug|Any CPU
		Release|Any CPU = Release|Any CPU
	EndGlobalSection
	GlobalSection(ProjectConfigurationPlatforms) = postSolution
		{8961625B-A32B-BEB1-2DE2-239F72E010EF}.Debug|Any CPU.ActiveCfg = Debug|Any CPU
		{8961625B-A32B-BEB1-2DE2-239F72E010EF}.Debug|Any CPU.Build.0 = Debug|Any CPU
		{8961625B-A32B-BEB1-2DE2-239F72E010EF}.Release|Any CPU.ActiveCfg = Release|Any CPU
		{8961625B-A32B-BEB1-2DE2-239F72E010EF}.Release|Any CPU.Build.0 = Release|Any CPU
	EndGlobalSection
	GlobalSection(SolutionProperties) = preSolution
		HideSolutionNode = FALSE
	EndGlobalSection
	GlobalSection(ExtensibilityGlobals) = postSolution
		SolutionGuid = {7B2171C3-90E6-47B7-927E-DFFC7F5C3417}
	EndGlobalSection
EndGlobal
